<Solution>
  <Folder Name="/Section02/">
    <Project Path="src/Section02/TextAdventure/TextAdventure.csproj" Id="60ea7519-d1d9-46e0-a09e-3a13e9b88315" />
  </Folder>
  <Folder Name="/Section06/">
    <Project Path="src/Section06/Trainings/Trainings.csproj" Id="ca8046b8-10b1-421b-b01a-2112b375b1ba">
      <Deploy Solution="Debug|*" />
    </Project>
    <Project Path="src/Section06/TrainingsAPI/TrainingsAPI.csproj" Id="d6ff71b8-09ba-44c6-aff8-e6c53ac2195d" />
  </Folder>
  <Folder Name="/Section07/">
    <Project Path="src/Section07/TakingNotes/TakingNotes.csproj" Id="356341c1-376b-4431-ab8c-79a960257b8f" />
  </Folder>
</Solution>
